
Microsoft Visual Studio Solution File, Format Version 12.00
# Visual Studio Version 17
VisualStudioVersion = 17.3.32819.101
MinimumVisualStudioVersion = 10.0.40219.1
Project("{FAE04EC0-301F-11D3-BF4B-00C04F79EFBC}") = "FirinciAmca_V2.0", "FirinciAmca_V2.0.csproj", "{B6C81A70-D5A0-43DA-A3B3-D512C15C8F17}"
EndProject
Global
	GlobalSection(SolutionConfigurationPlatforms) = preSolution
		Debug|Any CPU = Debug|Any CPU
		Release|Any CPU = Release|Any CPU
	EndGlobalSection
	GlobalSection(ProjectConfigurationPlatforms) = postSolution
		{B6C81A70-D5A0-43DA-A3B3-D512C15C8F17}.Debug|Any CPU.ActiveCfg = Debug|Any CPU
		{B6C81A70-D5A0-43DA-A3B3-D512C15C8F17}.Debug|Any CPU.Build.0 = Debug|Any CPU
		{B6C81A70-D5A0-43DA-A3B3-D512C15C8F17}.Release|Any CPU.ActiveCfg = Release|Any CPU
		{B6C81A70-D5A0-43DA-A3B3-D512C15C8F17}.Release|Any CPU.Build.0 = Release|Any CPU
	EndGlobalSection
	GlobalSection(SolutionProperties) = preSolution
		HideSolutionNode = FALSE
	EndGlobalSection
	GlobalSection(ExtensibilityGlobals) = postSolution
		SolutionGuid = {FD67DC7F-327C-4594-A502-8F05E8EB3EA4}
	EndGlobalSection
EndGlobal
